// !$*UTF8*$!
{
	archiveVersion = 1;
	classes = {
	};
	objectVersion = 63;
	objects = {

/* Begin PBXBuildFile section */
		4B918D4C2BC58DD100BEFEDC /* WatchThatApp.swift in Sources */ = {isa = PBXBuildFile; fileRef = 4B918D4B2BC58DD100BEFEDC /* WatchThatApp.swift */; };
		4B918D4E2BC58DD100BEFEDC /* ContentView.swift in Sources */ = {isa = PBXBuildFile; fileRef = 4B918D4D2BC58DD100BEFEDC /* ContentView.swift */; };
		4B918D502BC58DD200BEFEDC /* Assets.xcassets in Resources */ = {isa = PBXBuildFile; fileRef = 4B918D4F2BC58DD200BEFEDC /* Assets.xcassets */; };
		4B918D542BC58DD200BEFEDC /* Preview.xcassets in Resources */ = {isa = PBXBuildFile; fileRef = 4B918D532BC58DD200BEFEDC /* Preview.xcassets */; };
		4B918D5E2BC58DD200BEFEDC /* WatchThatTests.swift in Sources */ = {isa = PBXBuildFile; fileRef = 4B918D5D2BC58DD200BEFEDC /* WatchThatTests.swift */; };
		4B918D682BC58DD200BEFEDC /* WatchThatUITests.swift in Sources */ = {isa = PBXBuildFile; fileRef = 4B918D672BC58DD200BEFEDC /* WatchThatUITests.swift */; };
		4B918D6A2BC58DD200BEFEDC /* WatchThatUITestsLaunchTests.swift in Sources */ = {isa = PBXBuildFile; fileRef = 4B918D692BC58DD200BEFEDC /* WatchThatUITestsLaunchTests.swift */; };
/* End PBXBuildFile section */

/* Begin PBXContainerItemProxy section */
		4B918D5A2BC58DD200BEFEDC /* PBXContainerItemProxy */ = {
			isa = PBXContainerItemProxy;
			containerPortal = 4B918D402BC58DD000BEFEDC /* Project object */;
			proxyType = 1;
			remoteGlobalIDString = 4B918D472BC58DD000BEFEDC;
			remoteInfo = WatchThat;
		};
		4B918D642BC58DD200BEFEDC /* PBXContainerItemProxy */ = {
			isa = PBXContainerItemProxy;
			containerPortal = 4B918D402BC58DD000BEFEDC /* Project object */;
			proxyType = 1;
			remoteGlobalIDString = 4B918D472BC58DD000BEFEDC;
			remoteInfo = WatchThat;
		};
/* End PBXContainerItemProxy section */

/* Begin PBXFileReference section */
		4B918D482BC58DD000BEFEDC /* WatchThat.app */ = {isa = PBXFileReference; explicitFileType = wrapper.application; includeInIndex = 0; path = WatchThat.app; sourceTree = BUILT_PRODUCTS_DIR; };
		4B918D4B2BC58DD100BEFEDC /* WatchThatApp.swift */ = {isa = PBXFileReference; lastKnownFileType = sourcecode.swift; path = WatchThatApp.swift; sourceTree = "<group>"; };
		4B918D4D2BC58DD100BEFEDC /* ContentView.swift */ = {isa = PBXFileReference; lastKnownFileType = sourcecode.swift; path = ContentView.swift; sourceTree = "<group>"; };
		4B918D4F2BC58DD200BEFEDC /* Assets.xcassets */ = {isa = PBXFileReference; lastKnownFileType = folder.assetcatalog; path = Assets.xcassets; sourceTree = "<group>"; };
		4B918D512BC58DD200BEFEDC /* WatchThat.entitlements */ = {isa = PBXFileReference; lastKnownFileType = text.plist.entitlements; path = WatchThat.entitlements; sourceTree = "<group>"; };
		4B918D532BC58DD200BEFEDC /* Preview.xcassets */ = {isa = PBXFileReference; lastKnownFileType = folder.assetcatalog; path = Preview.xcassets; sourceTree = "<group>"; };
		4B918D592BC58DD200BEFEDC /* WatchThatTests.xctest */ = {isa = PBXFileReference; explicitFileType = wrapper.cfbundle; includeInIndex = 0; path = WatchThatTests.xctest; sourceTree = BUILT_PRODUCTS_DIR; };
		4B918D5D2BC58DD200BEFEDC /* WatchThatTests.swift */ = {isa = PBXFileReference; lastKnownFileType = sourcecode.swift; path = WatchThatTests.swift; sourceTree = "<group>"; };
		4B918D632BC58DD200BEFEDC /* WatchThatUITests.xctest */ = {isa = PBXFileReference; explicitFileType = wrapper.cfbundle; includeInIndex = 0; path = WatchThatUITests.xctest; sourceTree = BUILT_PRODUCTS_DIR; };
		4B918D672BC58DD200BEFEDC /* WatchThatUITests.swift */ = {isa = PBXFileReference; lastKnownFileType = sourcecode.swift; path = WatchThatUITests.swift; sourceTree = "<group>"; };
		4B918D692BC58DD200BEFEDC /* WatchThatUITestsLaunchTests.swift */ = {isa = PBXFileReference; lastKnownFileType = sourcecode.swift; path = WatchThatUITestsLaunchTests.swift; sourceTree = "<group>"; };
/* End PBXFileReference section */

/* Begin PBXFrameworksBuildPhase section */
		4B918D452BC58DD000BEFEDC /* Frameworks */ = {
			isa = PBXFrameworksBuildPhase;
			buildActionMask = 2147483647;
			files = (
			);
			runOnlyForDeploymentPostprocessing = 0;
		};
		4B918D562BC58DD200BEFEDC /* Frameworks */ = {
			isa = PBXFrameworksBuildPhase;
			buildActionMask = 2147483647;
			files = (
			);
			runOnlyForDeploymentPostprocessing = 0;
		};
		4B918D602BC58DD200BEFEDC /* Frameworks */ = {
			isa = PBXFrameworksBuildPhase;
			buildActionMask = 2147483647;
			files = (
			);
			runOnlyForDeploymentPostprocessing = 0;
		};
/* End PBXFrameworksBuildPhase section */

/* Begin PBXGroup section */
		4B918D3F2BC58DD000BEFEDC = {
			isa = PBXGroup;
			children = (
				4B918D4A2BC58DD000BEFEDC /* WatchThat */,
				4B918D5C2BC58DD200BEFEDC /* WatchThatTests */,
				4B918D662BC58DD200BEFEDC /* WatchThatUITests */,
				4B918D492BC58DD000BEFEDC /* Products */,
			);
			sourceTree = "<group>";
		};
		4B918D492BC58DD000BEFEDC /* Products */ = {
			isa = PBXGroup;
			children = (
				4B918D482BC58DD000BEFEDC /* WatchThat.app */,
				4B918D592BC58DD200BEFEDC /* WatchThatTests.xctest */,
				4B918D632BC58DD200BEFEDC /* WatchThatUITests.xctest */,
			);
			name = Products;
			sourceTree = "<group>";
		};
		4B918D4A2BC58DD000BEFEDC /* WatchThat */ = {
			isa = PBXGroup;
			children = (
				4B918D4B2BC58DD100BEFEDC /* WatchThatApp.swift */,
				4B918D4D2BC58DD100BEFEDC /* ContentView.swift */,
				4B918D4F2BC58DD200BEFEDC /* Assets.xcassets */,
				4B918D512BC58DD200BEFEDC /* WatchThat.entitlements */,
				4B918D522BC58DD200BEFEDC /* Preview */,
			);
			path = WatchThat;
			sourceTree = "<group>";
		};
		4B918D522BC58DD200BEFEDC /* Preview */ = {
			isa = PBXGroup;
			children = (
				4B918D532BC58DD200BEFEDC /* Preview.xcassets */,
			);
			path = Preview;
			sourceTree = "<group>";
		};
		4B918D5C2BC58DD200BEFEDC /* WatchThatTests */ = {
			isa = PBXGroup;
			children = (
				4B918D5D2BC58DD200BEFEDC /* WatchThatTests.swift */,
			);
			path = WatchThatTests;
			sourceTree = "<group>";
		};
		4B918D662BC58DD200BEFEDC /* WatchThatUITests */ = {
			isa = PBXGroup;
			children = (
				4B918D672BC58DD200BEFEDC /* WatchThatUITests.swift */,
				4B918D692BC58DD200BEFEDC /* WatchThatUITestsLaunchTests.swift */,
			);
			path = WatchThatUITests;
			sourceTree = "<group>";
		};
/* End PBXGroup section */

/* Begin PBXNativeTarget section */
		4B918D472BC58DD000BEFEDC /* WatchThat */ = {
			isa = PBXNativeTarget;
			buildConfigurationList = 4B918D6D2BC58DD200BEFEDC /* Build configuration list for PBXNativeTarget "WatchThat" */;
			buildPhases = (
				4B918D442BC58DD000BEFEDC /* Sources */,
				4B918D452BC58DD000BEFEDC /* Frameworks */,
				4B918D462BC58DD000BEFEDC /* Resources */,
			);
			buildRules = (
			);
			dependencies = (
			);
			name = WatchThat;
			productName = WatchThat;
			productReference = 4B918D482BC58DD000BEFEDC /* WatchThat.app */;
			productType = "com.apple.product-type.application";
		};
		4B918D582BC58DD200BEFEDC /* WatchThatTests */ = {
			isa = PBXNativeTarget;
			buildConfigurationList = 4B918D702BC58DD200BEFEDC /* Build configuration list for PBXNativeTarget "WatchThatTests" */;
			buildPhases = (
				4B918D552BC58DD200BEFEDC /* Sources */,
				4B918D562BC58DD200BEFEDC /* Frameworks */,
				4B918D572BC58DD200BEFEDC /* Resources */,
			);
			buildRules = (
			);
			dependencies = (
				4B918D5B2BC58DD200BEFEDC /* PBXTargetDependency */,
			);
			name = WatchThatTests;
			productName = WatchThatTests;
			productReference = 4B918D592BC58DD200BEFEDC /* WatchThatTests.xctest */;
			productType = "com.apple.product-type.bundle.unit-test";
		};
		4B918D622BC58DD200BEFEDC /* WatchThatUITests */ = {
			isa = PBXNativeTarget;
			buildConfigurationList = 4B918D732BC58DD200BEFEDC /* Build configuration list for PBXNativeTarget "WatchThatUITests" */;
			buildPhases = (
				4B918D5F2BC58DD200BEFEDC /* Sources */,
				4B918D602BC58DD200BEFEDC /* Frameworks */,
				4B918D612BC58DD200BEFEDC /* Resources */,
			);
			buildRules = (
			);
			dependencies = (
				4B918D652BC58DD200BEFEDC /* PBXTargetDependency */,
			);
			name = WatchThatUITests;
			productName = WatchThatUITests;
			productReference = 4B918D632BC58DD200BEFEDC /* WatchThatUITests.xctest */;
			productType = "com.apple.product-type.bundle.ui-testing";
		};
/* End PBXNativeTarget section */

/* Begin PBXProject section */
		4B918D402BC58DD000BEFEDC /* Project object */ = {
			isa = PBXProject;
			attributes = {
				BuildIndependentTargetsInParallel = 1;
				LastSwiftUpdateCheck = 1530;
				LastUpgradeCheck = 1530;
				ORGANIZATIONNAME = "Igor Camilo";
				TargetAttributes = {
					4B918D472BC58DD000BEFEDC = {
						CreatedOnToolsVersion = 15.3;
					};
					4B918D582BC58DD200BEFEDC = {
						CreatedOnToolsVersion = 15.3;
						TestTargetID = 4B918D472BC58DD000BEFEDC;
					};
					4B918D622BC58DD200BEFEDC = {
						CreatedOnToolsVersion = 15.3;
						TestTargetID = 4B918D472BC58DD000BEFEDC;
					};
				};
			};
			buildConfigurationList = 4B918D432BC58DD000BEFEDC /* Build configuration list for PBXProject "WatchThat" */;
			compatibilityVersion = "Xcode 15.3";
			developmentRegion = en;
			hasScannedForEncodings = 0;
			knownRegions = (
				en,
				Base,
			);
			mainGroup = 4B918D3F2BC58DD000BEFEDC;
			minimizedProjectReferenceProxies = 1;
			productRefGroup = 4B918D492BC58DD000BEFEDC /* Products */;
			projectDirPath = "";
			projectRoot = "";
			targets = (
				4B918D472BC58DD000BEFEDC /* WatchThat */,
				4B918D582BC58DD200BEFEDC /* WatchThatTests */,
				4B918D622BC58DD200BEFEDC /* WatchThatUITests */,
			);
		};
/* End PBXProject section */

/* Begin PBXResourcesBuildPhase section */
		4B918D462BC58DD000BEFEDC /* Resources */ = {
			isa = PBXResourcesBuildPhase;
			buildActionMask = 2147483647;
			files = (
				4B918D542BC58DD200BEFEDC /* Preview.xcassets in Resources */,
				4B918D502BC58DD200BEFEDC /* Assets.xcassets in Resources */,
			);
			runOnlyForDeploymentPostprocessing = 0;
		};
		4B918D572BC58DD200BEFEDC /* Resources */ = {
			isa = PBXResourcesBuildPhase;
			buildActionMask = 2147483647;
			files = (
			);
			runOnlyForDeploymentPostprocessing = 0;
		};
		4B918D612BC58DD200BEFEDC /* Resources */ = {
			isa = PBXResourcesBuildPhase;
			buildActionMask = 2147483647;
			files = (
			);
			runOnlyForDeploymentPostprocessing = 0;
		};
/* End PBXResourcesBuildPhase section */

/* Begin PBXSourcesBuildPhase section */
		4B918D442BC58DD000BEFEDC /* Sources */ = {
			isa = PBXSourcesBuildPhase;
			buildActionMask = 2147483647;
			files = (
				4B918D4E2BC58DD100BEFEDC /* ContentView.swift in Sources */,
				4B918D4C2BC58DD100BEFEDC /* WatchThatApp.swift in Sources */,
			);
			runOnlyForDeploymentPostprocessing = 0;
		};
		4B918D552BC58DD200BEFEDC /* Sources */ = {
			isa = PBXSourcesBuildPhase;
			buildActionMask = 2147483647;
			files = (
				4B918D5E2BC58DD200BEFEDC /* WatchThatTests.swift in Sources */,
			);
			runOnlyForDeploymentPostprocessing = 0;
		};
		4B918D5F2BC58DD200BEFEDC /* Sources */ = {
			isa = PBXSourcesBuildPhase;
			buildActionMask = 2147483647;
			files = (
				4B918D682BC58DD200BEFEDC /* WatchThatUITests.swift in Sources */,
				4B918D6A2BC58DD200BEFEDC /* WatchThatUITestsLaunchTests.swift in Sources */,
			);
			runOnlyForDeploymentPostprocessing = 0;
		};
/* End PBXSourcesBuildPhase section */

/* Begin PBXTargetDependency section */
		4B918D5B2BC58DD200BEFEDC /* PBXTargetDependency */ = {
			isa = PBXTargetDependency;
			target = 4B918D472BC58DD000BEFEDC /* WatchThat */;
			targetProxy = 4B918D5A2BC58DD200BEFEDC /* PBXContainerItemProxy */;
		};
		4B918D652BC58DD200BEFEDC /* PBXTargetDependency */ = {
			isa = PBXTargetDependency;
			target = 4B918D472BC58DD000BEFEDC /* WatchThat */;
			targetProxy = 4B918D642BC58DD200BEFEDC /* PBXContainerItemProxy */;
		};
/* End PBXTargetDependency section */

/* Begin XCBuildConfiguration section */
		4B918D6B2BC58DD200BEFEDC /* Debug */ = {
			isa = XCBuildConfiguration;
			buildSettings = {
				ALWAYS_SEARCH_USER_PATHS = NO;
				ASSETCATALOG_COMPILER_GENERATE_SWIFT_ASSET_SYMBOL_EXTENSIONS = YES;
				CLANG_ANALYZER_NONNULL = YES;
				CLANG_ANALYZER_NUMBER_OBJECT_CONVERSION = YES_AGGRESSIVE;
				CLANG_CXX_LANGUAGE_STANDARD = "gnu++20";
				CLANG_ENABLE_MODULES = YES;
				CLANG_ENABLE_OBJC_ARC = YES;
				CLANG_ENABLE_OBJC_WEAK = YES;
				CLANG_WARN_BLOCK_CAPTURE_AUTORELEASING = YES;
				CLANG_WARN_BOOL_CONVERSION = YES;
				CLANG_WARN_COMMA = YES;
				CLANG_WARN_CONSTANT_CONVERSION = YES;
				CLANG_WARN_DEPRECATED_OBJC_IMPLEMENTATIONS = YES;
				CLANG_WARN_DIRECT_OBJC_ISA_USAGE = YES_ERROR;
				CLANG_WARN_DOCUMENTATION_COMMENTS = YES;
				CLANG_WARN_EMPTY_BODY = YES;
				CLANG_WARN_ENUM_CONVERSION = YES;
				CLANG_WARN_INFINITE_RECURSION = YES;
				CLANG_WARN_INT_CONVERSION = YES;
				CLANG_WARN_NON_LITERAL_NULL_CONVERSION = YES;
				CLANG_WARN_OBJC_IMPLICIT_RETAIN_SELF = YES;
				CLANG_WARN_OBJC_LITERAL_CONVERSION = YES;
				CLANG_WARN_OBJC_ROOT_CLASS = YES_ERROR;
				CLANG_WARN_QUOTED_INCLUDE_IN_FRAMEWORK_HEADER = YES;
				CLANG_WARN_RANGE_LOOP_ANALYSIS = YES;
				CLANG_WARN_STRICT_PROTOTYPES = YES;
				CLANG_WARN_SUSPICIOUS_MOVE = YES;
				CLANG_WARN_UNGUARDED_AVAILABILITY = YES_AGGRESSIVE;
				CLANG_WARN_UNREACHABLE_CODE = YES;
				CLANG_WARN__DUPLICATE_METHOD_MATCH = YES;
				COPY_PHASE_STRIP = NO;
				DEBUG_INFORMATION_FORMAT = dwarf;
				ENABLE_STRICT_OBJC_MSGSEND = YES;
				ENABLE_TESTABILITY = YES;
				ENABLE_USER_SCRIPT_SANDBOXING = YES;
				GCC_C_LANGUAGE_STANDARD = gnu17;
				GCC_DYNAMIC_NO_PIC = NO;
				GCC_NO_COMMON_BLOCKS = YES;
				GCC_OPTIMIZATION_LEVEL = 0;
				GCC_PREPROCESSOR_DEFINITIONS = (
					"DEBUG=1",
					"$(inherited)",
				);
				GCC_WARN_64_TO_32_BIT_CONVERSION = YES;
				GCC_WARN_ABOUT_RETURN_TYPE = YES_ERROR;
				GCC_WARN_UNDECLARED_SELECTOR = YES;
				GCC_WARN_UNINITIALIZED_AUTOS = YES_AGGRESSIVE;
				GCC_WARN_UNUSED_FUNCTION = YES;
				GCC_WARN_UNUSED_VARIABLE = YES;
				IPHONEOS_DEPLOYMENT_TARGET = 17.4;
				LOCALIZATION_PREFERS_STRING_CATALOGS = YES;
				MTL_ENABLE_DEBUG_INFO = INCLUDE_SOURCE;
				MTL_FAST_MATH = YES;
				ONLY_ACTIVE_ARCH = YES;
				SWIFT_ACTIVE_COMPILATION_CONDITIONS = "DEBUG $(inherited)";
				SWIFT_OPTIMIZATION_LEVEL = "-Onone";
				SWIFT_STRICT_CONCURRENCY = complete;
			};
			name = Debug;
		};
		4B918D6C2BC58DD200BEFEDC /* Release */ = {
			isa = XCBuildConfiguration;
			buildSettings = {
				ALWAYS_SEARCH_USER_PATHS = NO;
				ASSETCATALOG_COMPILER_GENERATE_SWIFT_ASSET_SYMBOL_EXTENSIONS = YES;
				CLANG_ANALYZER_NONNULL = YES;
				CLANG_ANALYZER_NUMBER_OBJECT_CONVERSION = YES_AGGRESSIVE;
				CLANG_CXX_LANGUAGE_STANDARD = "gnu++20";
				CLANG_ENABLE_MODULES = YES;
				CLANG_ENABLE_OBJC_ARC = YES;
				CLANG_ENABLE_OBJC_WEAK = YES;
				CLANG_WARN_BLOCK_CAPTURE_AUTORELEASING = YES;
				CLANG_WARN_BOOL_CONVERSION = YES;
				CLANG_WARN_COMMA = YES;
				CLANG_WARN_CONSTANT_CONVERSION = YES;
				CLANG_WARN_DEPRECATED_OBJC_IMPLEMENTATIONS = YES;
				CLANG_WARN_DIRECT_OBJC_ISA_USAGE = YES_ERROR;
				CLANG_WARN_DOCUMENTATION_COMMENTS = YES;
				CLANG_WARN_EMPTY_BODY = YES;
				CLANG_WARN_ENUM_CONVERSION = YES;
				CLANG_WARN_INFINITE_RECURSION = YES;
				CLANG_WARN_INT_CONVERSION = YES;
				CLANG_WARN_NON_LITERAL_NULL_CONVERSION = YES;
				CLANG_WARN_OBJC_IMPLICIT_RETAIN_SELF = YES;
				CLANG_WARN_OBJC_LITERAL_CONVERSION = YES;
				CLANG_WARN_OBJC_ROOT_CLASS = YES_ERROR;
				CLANG_WARN_QUOTED_INCLUDE_IN_FRAMEWORK_HEADER = YES;
				CLANG_WARN_RANGE_LOOP_ANALYSIS = YES;
				CLANG_WARN_STRICT_PROTOTYPES = YES;
				CLANG_WARN_SUSPICIOUS_MOVE = YES;
				CLANG_WARN_UNGUARDED_AVAILABILITY = YES_AGGRESSIVE;
				CLANG_WARN_UNREACHABLE_CODE = YES;
				CLANG_WARN__DUPLICATE_METHOD_MATCH = YES;
				COPY_PHASE_STRIP = NO;
				DEBUG_INFORMATION_FORMAT = "dwarf-with-dsym";
				ENABLE_NS_ASSERTIONS = NO;
				ENABLE_STRICT_OBJC_MSGSEND = YES;
				ENABLE_USER_SCRIPT_SANDBOXING = YES;
				GCC_C_LANGUAGE_STANDARD = gnu17;
				GCC_NO_COMMON_BLOCKS = YES;
				GCC_WARN_64_TO_32_BIT_CONVERSION = YES;
				GCC_WARN_ABOUT_RETURN_TYPE = YES_ERROR;
				GCC_WARN_UNDECLARED_SELECTOR = YES;
				GCC_WARN_UNINITIALIZED_AUTOS = YES_AGGRESSIVE;
				GCC_WARN_UNUSED_FUNCTION = YES;
				GCC_WARN_UNUSED_VARIABLE = YES;
				IPHONEOS_DEPLOYMENT_TARGET = 17.4;
				LOCALIZATION_PREFERS_STRING_CATALOGS = YES;
				MTL_ENABLE_DEBUG_INFO = NO;
				MTL_FAST_MATH = YES;
				SWIFT_COMPILATION_MODE = wholemodule;
				SWIFT_STRICT_CONCURRENCY = complete;
			};
			name = Release;
		};
		4B918D6E2BC58DD200BEFEDC /* Debug */ = {
			isa = XCBuildConfiguration;
			buildSettings = {
				ASSETCATALOG_COMPILER_APPICON_NAME = AppIcon;
				ASSETCATALOG_COMPILER_GLOBAL_ACCENT_COLOR_NAME = AccentColor;
				CODE_SIGN_ENTITLEMENTS = WatchThat/WatchThat.entitlements;
				CODE_SIGN_STYLE = Automatic;
				CURRENT_PROJECT_VERSION = 1;
				DEVELOPMENT_ASSET_PATHS = WatchThat/Preview;
				DEVELOPMENT_TEAM = 2CPJD7ENY9;
				ENABLE_HARDENED_RUNTIME = YES;
				ENABLE_PREVIEWS = YES;
				GENERATE_INFOPLIST_FILE = YES;
				INFOPLIST_KEY_CFBundleDisplayName = "Watch That";
				INFOPLIST_KEY_LSApplicationCategoryType = "public.app-category.entertainment";
				"INFOPLIST_KEY_UIApplicationSceneManifest_Generation[sdk=iphoneos*]" = YES;
				"INFOPLIST_KEY_UIApplicationSceneManifest_Generation[sdk=iphonesimulator*]" = YES;
				"INFOPLIST_KEY_UIApplicationSupportsIndirectInputEvents[sdk=iphoneos*]" = YES;
				"INFOPLIST_KEY_UIApplicationSupportsIndirectInputEvents[sdk=iphonesimulator*]" = YES;
				"INFOPLIST_KEY_UILaunchScreen_Generation[sdk=iphoneos*]" = YES;
				"INFOPLIST_KEY_UILaunchScreen_Generation[sdk=iphonesimulator*]" = YES;
				"INFOPLIST_KEY_UIStatusBarStyle[sdk=iphoneos*]" = UIStatusBarStyleDefault;
				"INFOPLIST_KEY_UIStatusBarStyle[sdk=iphonesimulator*]" = UIStatusBarStyleDefault;
				INFOPLIST_KEY_UISupportedInterfaceOrientations_iPad = "UIInterfaceOrientationPortrait UIInterfaceOrientationPortraitUpsideDown UIInterfaceOrientationLandscapeLeft UIInterfaceOrientationLandscapeRight";
				INFOPLIST_KEY_UISupportedInterfaceOrientations_iPhone = "UIInterfaceOrientationPortrait UIInterfaceOrientationLandscapeLeft UIInterfaceOrientationLandscapeRight";
				LD_RUNPATH_SEARCH_PATHS = "@executable_path/Frameworks";
				"LD_RUNPATH_SEARCH_PATHS[sdk=macosx*]" = "@executable_path/../Frameworks";
				MARKETING_VERSION = 1.0;
				PRODUCT_BUNDLE_IDENTIFIER = me.igorcamilo.watchthat;
				PRODUCT_NAME = "$(TARGET_NAME)";
				SDKROOT = auto;
				SUPPORTED_PLATFORMS = "iphoneos iphonesimulator macosx";
				SWIFT_EMIT_LOC_STRINGS = YES;
				SWIFT_VERSION = 5.0;
				TARGETED_DEVICE_FAMILY = "1,2";
			};
			name = Debug;
		};
		4B918D6F2BC58DD200BEFEDC /* Release */ = {
			isa = XCBuildConfiguration;
			buildSettings = {
				ASSETCATALOG_COMPILER_APPICON_NAME = AppIcon;
				ASSETCATALOG_COMPILER_GLOBAL_ACCENT_COLOR_NAME = AccentColor;
				CODE_SIGN_ENTITLEMENTS = WatchThat/WatchThat.entitlements;
				CODE_SIGN_STYLE = Automatic;
				CURRENT_PROJECT_VERSION = 1;
				DEVELOPMENT_ASSET_PATHS = WatchThat/Preview;
				DEVELOPMENT_TEAM = 2CPJD7ENY9;
				ENABLE_HARDENED_RUNTIME = YES;
				ENABLE_PREVIEWS = YES;
				GENERATE_INFOPLIST_FILE = YES;
				INFOPLIST_KEY_CFBundleDisplayName = "Watch That";
				INFOPLIST_KEY_LSApplicationCategoryType = "public.app-category.entertainment";
				"INFOPLIST_KEY_UIApplicationSceneManifest_Generation[sdk=iphoneos*]" = YES;
				"INFOPLIST_KEY_UIApplicationSceneManifest_Generation[sdk=iphonesimulator*]" = YES;
				"INFOPLIST_KEY_UIApplicationSupportsIndirectInputEvents[sdk=iphoneos*]" = YES;
				"INFOPLIST_KEY_UIApplicationSupportsIndirectInputEvents[sdk=iphonesimulator*]" = YES;
				"INFOPLIST_KEY_UILaunchScreen_Generation[sdk=iphoneos*]" = YES;
				"INFOPLIST_KEY_UILaunchScreen_Generation[sdk=iphonesimulator*]" = YES;
				"INFOPLIST_KEY_UIStatusBarStyle[sdk=iphoneos*]" = UIStatusBarStyleDefault;
				"INFOPLIST_KEY_UIStatusBarStyle[sdk=iphonesimulator*]" = UIStatusBarStyleDefault;
				INFOPLIST_KEY_UISupportedInterfaceOrientations_iPad = "UIInterfaceOrientationPortrait UIInterfaceOrientationPortraitUpsideDown UIInterfaceOrientationLandscapeLeft UIInterfaceOrientationLandscapeRight";
				INFOPLIST_KEY_UISupportedInterfaceOrientations_iPhone = "UIInterfaceOrientationPortrait UIInterfaceOrientationLandscapeLeft UIInterfaceOrientationLandscapeRight";
				LD_RUNPATH_SEARCH_PATHS = "@executable_path/Frameworks";
				"LD_RUNPATH_SEARCH_PATHS[sdk=macosx*]" = "@executable_path/../Frameworks";
				MARKETING_VERSION = 1.0;
				PRODUCT_BUNDLE_IDENTIFIER = me.igorcamilo.watchthat;
				PRODUCT_NAME = "$(TARGET_NAME)";
				SDKROOT = auto;
				SUPPORTED_PLATFORMS = "iphoneos iphonesimulator macosx";
				SWIFT_EMIT_LOC_STRINGS = YES;
				SWIFT_VERSION = 5.0;
				TARGETED_DEVICE_FAMILY = "1,2";
			};
			name = Release;
		};
		4B918D712BC58DD200BEFEDC /* Debug */ = {
			isa = XCBuildConfiguration;
			buildSettings = {
				ALWAYS_EMBED_SWIFT_STANDARD_LIBRARIES = YES;
				BUNDLE_LOADER = "$(TEST_HOST)";
				CODE_SIGN_STYLE = Automatic;
				CURRENT_PROJECT_VERSION = 1;
				DEVELOPMENT_TEAM = 2CPJD7ENY9;
				GENERATE_INFOPLIST_FILE = YES;
				IPHONEOS_DEPLOYMENT_TARGET = 17.4;
				MACOSX_DEPLOYMENT_TARGET = 14.4;
				MARKETING_VERSION = 1.0;
				PRODUCT_BUNDLE_IDENTIFIER = me.igorcamilo.WatchThatTests;
				PRODUCT_NAME = "$(TARGET_NAME)";
				SDKROOT = auto;
				SUPPORTED_PLATFORMS = "iphoneos iphonesimulator macosx";
				SWIFT_EMIT_LOC_STRINGS = NO;
				SWIFT_VERSION = 5.0;
				TARGETED_DEVICE_FAMILY = "1,2";
				TEST_HOST = "$(BUILT_PRODUCTS_DIR)/WatchThat.app/$(BUNDLE_EXECUTABLE_FOLDER_PATH)/WatchThat";
			};
			name = Debug;
		};
		4B918D722BC58DD200BEFEDC /* Release */ = {
			isa = XCBuildConfiguration;
			buildSettings = {
				ALWAYS_EMBED_SWIFT_STANDARD_LIBRARIES = YES;
				BUNDLE_LOADER = "$(TEST_HOST)";
				CODE_SIGN_STYLE = Automatic;
				CURRENT_PROJECT_VERSION = 1;
				DEVELOPMENT_TEAM = 2CPJD7ENY9;
				GENERATE_INFOPLIST_FILE = YES;
				IPHONEOS_DEPLOYMENT_TARGET = 17.4;
				MACOSX_DEPLOYMENT_TARGET = 14.4;
				MARKETING_VERSION = 1.0;
				PRODUCT_BUNDLE_IDENTIFIER = me.igorcamilo.WatchThatTests;
				PRODUCT_NAME = "$(TARGET_NAME)";
				SDKROOT = auto;
				SUPPORTED_PLATFORMS = "iphoneos iphonesimulator macosx";
				SWIFT_EMIT_LOC_STRINGS = NO;
				SWIFT_VERSION = 5.0;
				TARGETED_DEVICE_FAMILY = "1,2";
				TEST_HOST = "$(BUILT_PRODUCTS_DIR)/WatchThat.app/$(BUNDLE_EXECUTABLE_FOLDER_PATH)/WatchThat";
			};
			name = Release;
		};
		4B918D742BC58DD200BEFEDC /* Debug */ = {
			isa = XCBuildConfiguration;
			buildSettings = {
				ALWAYS_EMBED_SWIFT_STANDARD_LIBRARIES = YES;
				CODE_SIGN_STYLE = Automatic;
				CURRENT_PROJECT_VERSION = 1;
				DEVELOPMENT_TEAM = 2CPJD7ENY9;
				GENERATE_INFOPLIST_FILE = YES;
				IPHONEOS_DEPLOYMENT_TARGET = 17.4;
				MACOSX_DEPLOYMENT_TARGET = 14.4;
				MARKETING_VERSION = 1.0;
				PRODUCT_BUNDLE_IDENTIFIER = me.igorcamilo.WatchThatUITests;
				PRODUCT_NAME = "$(TARGET_NAME)";
				SDKROOT = auto;
				SUPPORTED_PLATFORMS = "iphoneos iphonesimulator macosx";
				SWIFT_EMIT_LOC_STRINGS = NO;
				SWIFT_VERSION = 5.0;
				TARGETED_DEVICE_FAMILY = "1,2";
				TEST_TARGET_NAME = WatchThat;
			};
			name = Debug;
		};
		4B918D752BC58DD200BEFEDC /* Release */ = {
			isa = XCBuildConfiguration;
			buildSettings = {
				ALWAYS_EMBED_SWIFT_STANDARD_LIBRARIES = YES;
				CODE_SIGN_STYLE = Automatic;
				CURRENT_PROJECT_VERSION = 1;
				DEVELOPMENT_TEAM = 2CPJD7ENY9;
				GENERATE_INFOPLIST_FILE = YES;
				IPHONEOS_DEPLOYMENT_TARGET = 17.4;
				MACOSX_DEPLOYMENT_TARGET = 14.4;
				MARKETING_VERSION = 1.0;
				PRODUCT_BUNDLE_IDENTIFIER = me.igorcamilo.WatchThatUITests;
				PRODUCT_NAME = "$(TARGET_NAME)";
				SDKROOT = auto;
				SUPPORTED_PLATFORMS = "iphoneos iphonesimulator macosx";
				SWIFT_EMIT_LOC_STRINGS = NO;
				SWIFT_VERSION = 5.0;
				TARGETED_DEVICE_FAMILY = "1,2";
				TEST_TARGET_NAME = WatchThat;
			};
			name = Release;
		};
/* End XCBuildConfiguration section */

/* Begin XCConfigurationList section */
		4B918D432BC58DD000BEFEDC /* Build configuration list for PBXProject "WatchThat" */ = {
			isa = XCConfigurationList;
			buildConfigurations = (
				4B918D6B2BC58DD200BEFEDC /* Debug */,
				4B918D6C2BC58DD200BEFEDC /* Release */,
			);
			defaultConfigurationIsVisible = 0;
			defaultConfigurationName = Release;
		};
		4B918D6D2BC58DD200BEFEDC /* Build configuration list for PBXNativeTarget "WatchThat" */ = {
			isa = XCConfigurationList;
			buildConfigurations = (
				4B918D6E2BC58DD200BEFEDC /* Debug */,
				4B918D6F2BC58DD200BEFEDC /* Release */,
			);
			defaultConfigurationIsVisible = 0;
			defaultConfigurationName = Release;
		};
		4B918D702BC58DD200BEFEDC /* Build configuration list for PBXNativeTarget "WatchThatTests" */ = {
			isa = XCConfigurationList;
			buildConfigurations = (
				4B918D712BC58DD200BEFEDC /* Debug */,
				4B918D722BC58DD200BEFEDC /* Release */,
			);
			defaultConfigurationIsVisible = 0;
			defaultConfigurationName = Release;
		};
		4B918D732BC58DD200BEFEDC /* Build configuration list for PBXNativeTarget "WatchThatUITests" */ = {
			isa = XCConfigurationList;
			buildConfigurations = (
				4B918D742BC58DD200BEFEDC /* Debug */,
				4B918D752BC58DD200BEFEDC /* Release */,
			);
			defaultConfigurationIsVisible = 0;
			defaultConfigurationName = Release;
		};
/* End XCConfigurationList section */
	};
	rootObject = 4B918D402BC58DD000BEFEDC /* Project object */;
}
